Microsoft Visual Studio Solution File, Format Version 12.00
# Visual Studio Version 16
VisualStudioVersion = 16.0.31624.102
MinimumVisualStudioVersion = 10.0.40219.1
Project("{9A19103F-16F7-4668-BE54-9A1E7A4F7556}") = "ProductApi", "ProductApi\ProductApi.csproj", "{1AB07F84-B486-4705-9F0B-425D2EE530E8}"
EndProject
Project("{9A19103F-16F7-4668-BE54-9A1E7A4F7556}") = "OrderApi", "OrderApi\OrderApi.csproj", "{559DB926-84A6-4388-A849-138C85B00412}"
EndProject
Project("{9A19103F-16F7-4668-BE54-9A1E7A4F7556}") = "CustomerApi", "CustomerApi\CustomerApi.csproj", "{F5DAF3ED-869F-4C90-AFBC-267BF063470C}"
EndProject
Project("{9A19103F-16F7-4668-BE54-9A1E7A4F7556}") = "Shared", "Shared\Shared.csproj", "{B95AA332-9A17-43FA-A454-4C7B041C456D}"
EndProject
Global
	GlobalSection(SolutionConfigurationPlatforms) = preSolution
		Debug|Any CPU = Debug|Any CPU
		Release|Any CPU = Release|Any CPU
	EndGlobalSection
	GlobalSection(ProjectConfigurationPlatforms) = postSolution
		{1AB07F84-B486-4705-9F0B-425D2EE530E8}.Debug|Any CPU.ActiveCfg = Debug|Any CPU
		{1AB07F84-B486-4705-9F0B-425D2EE530E8}.Debug|Any CPU.Build.0 = Debug|Any CPU
		{1AB07F84-B486-4705-9F0B-425D2EE530E8}.Release|Any CPU.ActiveCfg = Release|Any CPU
		{1AB07F84-B486-4705-9F0B-425D2EE530E8}.Release|Any CPU.Build.0 = Release|Any CPU
		{559DB926-84A6-4388-A849-138C85B00412}.Debug|Any CPU.ActiveCfg = Debug|Any CPU
		{559DB926-84A6-4388-A849-138C85B00412}.Debug|Any CPU.Build.0 = Debug|Any CPU
		{559DB926-84A6-4388-A849-138C85B00412}.Release|Any CPU.ActiveCfg = Release|Any CPU
		{559DB926-84A6-4388-A849-138C85B00412}.Release|Any CPU.Build.0 = Release|Any CPU
		{F5DAF3ED-869F-4C90-AFBC-267BF063470C}.Debug|Any CPU.ActiveCfg = Debug|Any CPU
		{F5DAF3ED-869F-4C90-AFBC-267BF063470C}.Debug|Any CPU.Build.0 = Debug|Any CPU
		{F5DAF3ED-869F-4C90-AFBC-267BF063470C}.Release|Any CPU.ActiveCfg = Release|Any CPU
		{F5DAF3ED-869F-4C90-AFBC-267BF063470C}.Release|Any CPU.Build.0 = Release|Any CPU
		{B95AA332-9A17-43FA-A454-4C7B041C456D}.Debug|Any CPU.ActiveCfg = Debug|Any CPU
		{B95AA332-9A17-43FA-A454-4C7B041C456D}.Debug|Any CPU.Build.0 = Debug|Any CPU
		{B95AA332-9A17-43FA-A454-4C7B041C456D}.Release|Any CPU.ActiveCfg = Release|Any CPU
		{B95AA332-9A17-43FA-A454-4C7B041C456D}.Release|Any CPU.Build.0 = Release|Any CPU
	EndGlobalSection
	GlobalSection(SolutionProperties) = preSolution
		HideSolutionNode = FALSE
	EndGlobalSection
	GlobalSection(ExtensibilityGlobals) = postSolution
		SolutionGuid = {8C3FF90E-ACE1-4908-8C67-40B0C10070BB}
	EndGlobalSection
EndGlobal
